// !$*UTF8*$!
{archiveVersion=1;classes={};objectVersion=56;objects={
AB1029384756ABCDE00112235={isa=PBXFileReference;lastKnownFileType=sourcecode.swift;path="FocusStackTests/V22Tests.swift";sourceTree="<group>";};
AB1029384756ABCDE00112236={isa=PBXBuildFile;fileRef=AB1029384756ABCDE00112235;};
AB1029384756ABCDE00112233={isa=PBXFileReference;lastKnownFileType=sourcecode.swift;path="FocusStackTests/V21Tests.swift";sourceTree="<group>";};
AB1029384756ABCDE00112234={isa=PBXBuildFile;fileRef=AB1029384756ABCDE00112233;};
7326B904FF0FE2BF2AD93C74={isa=PBXFileReference;lastKnownFileType=sourcecode.swift;path="FocusStack/App/AppState.swift";sourceTree="<group>";};
3BF47945D85784A7934CE585={isa=PBXFileReference;lastKnownFileType=sourcecode.swift;path="FocusStack/App/FocusStackApp.swift";sourceTree="<group>";};
6CFCACEFA39F561530526323={isa=PBXFileReference;lastKnownFileType=sourcecode.swift;path="FocusStack/UI/BenchmarkView.swift";sourceTree="<group>";};
7A0D54299A502B867EB7C4D2={isa=PBXFileReference;lastKnownFileType=sourcecode.swift;path="FocusStack/UI/ContentView.swift";sourceTree="<group>";};
A3B9197CC1E61B6FAEDE9F85={isa=PBXFileReference;lastKnownFileType=sourcecode.swift;path="FocusStack/UI/HardwareView.swift";sourceTree="<group>";};
9127905024B927AB3F6E2AF6={isa=PBXFileReference;lastKnownFileType=sourcecode.swift;path="FocusStackTests/FoundationTests.swift";sourceTree="<group>";};
AC2200000000000000000001={isa=PBXFileReference;lastKnownFileType=sourcecode.swift;path="FocusStackBenchmarks/DeghostBenchmark.swift";sourceTree="<group>";};
AC2200000000000000000002={isa=PBXBuildFile;fileRef=AC2200000000000000000001;};
1EB2E6696247BD3631575B86={isa=PBXFileReference;lastKnownFileType=sourcecode.swift;path="FocusStackBenchmarks/BenchmarkMain.swift";sourceTree="<group>";};
3BC15F61EE518F0ECBD7C04C={isa=PBXFileReference;lastKnownFileType=text.json;path="FocusStackTests/Fixtures/golden.json";sourceTree="<group>";};
A01A5480379E97BD457D3185={isa=XCLocalSwiftPackageReference;relativePath=FocusStackCore;};
D736F16DDC6C3441B16E1237={isa=PBXBuildFile;fileRef=7326B904FF0FE2BF2AD93C74;};
12421473CC0EF49944A0ED04={isa=PBXBuildFile;fileRef=3BF47945D85784A7934CE585;};
212B9B09324926C49C9263C6={isa=PBXBuildFile;fileRef=6CFCACEFA39F561530526323;};
B856848292946D2E56697D84={isa=PBXBuildFile;fileRef=7A0D54299A502B867EB7C4D2;};
983C06248FCAC75EAD580BE6={isa=PBXBuildFile;fileRef=A3B9197CC1E61B6FAEDE9F85;};
A00F8252D8E12CC0AEB2F325={isa=PBXSourcesBuildPhase;buildActionMask=2147483647;files=(D736F16DDC6C3441B16E1237,12421473CC0EF49944A0ED04,212B9B09324926C49C9263C6,B856848292946D2E56697D84,983C06248FCAC75EAD580BE6,);runOnlyForDeploymentPostprocessing=0;};
E96CA4066B74E4F153DCA012={isa=PBXResourcesBuildPhase;buildActionMask=2147483647;files=();runOnlyForDeploymentPostprocessing=0;};
2658A03BA20A8B55083BD938={isa=XCSwiftPackageProductDependency;productName=FocusStackCore;};
DD0AE78C16DB79734A67EF54={isa=PBXBuildFile;productRef=2658A03BA20A8B55083BD938;};
2063BB57CEA684887AC2BC7C={isa=PBXFrameworksBuildPhase;buildActionMask=2147483647;files=(DD0AE78C16DB79734A67EF54,);runOnlyForDeploymentPostprocessing=0;};
B1008B1EBC6DA355E1AFFEBF={isa=XCBuildConfiguration;buildSettings={MACOSX_DEPLOYMENT_TARGET=14.0;SDKROOT=macosx;ARCHS=arm64;SWIFT_VERSION=6.0;SWIFT_STRICT_CONCURRENCY=complete;SWIFT_DEFAULT_ACTOR_ISOLATION=nonisolated;CLANG_ENABLE_MODULES=YES;CODE_SIGN_IDENTITY="-";CODE_SIGN_STYLE=Automatic;ENABLE_USER_SCRIPT_SANDBOXING=YES;GENERATE_INFOPLIST_FILE=YES;CURRENT_PROJECT_VERSION=3;MARKETING_VERSION=2.2.0;SWIFT_EMIT_LOC_STRINGS=NO;PRODUCT_NAME=FocusStack;PRODUCT_BUNDLE_IDENTIFIER=com.longbo.focusstack.focusstack;SWIFT_OPTIMIZATION_LEVEL="-Onone";DEBUG_INFORMATION_FORMAT=dwarf;ENABLE_TESTABILITY=YES;INFOPLIST_KEY_NSPrincipalClass=NSApplication;INFOPLIST_KEY_LSApplicationCategoryType="public.app-category.photography";INFOPLIST_KEY_CFBundleDisplayName="FocusStack Native";ENABLE_APP_SANDBOX=NO;};name=Debug;};
6C5ECA74809D708AFE4500F3={isa=XCBuildConfiguration;buildSettings={MACOSX_DEPLOYMENT_TARGET=14.0;SDKROOT=macosx;ARCHS=arm64;SWIFT_VERSION=6.0;SWIFT_STRICT_CONCURRENCY=complete;SWIFT_DEFAULT_ACTOR_ISOLATION=nonisolated;CLANG_ENABLE_MODULES=YES;CODE_SIGN_IDENTITY="-";CODE_SIGN_STYLE=Automatic;ENABLE_USER_SCRIPT_SANDBOXING=YES;GENERATE_INFOPLIST_FILE=YES;CURRENT_PROJECT_VERSION=3;MARKETING_VERSION=2.2.0;SWIFT_EMIT_LOC_STRINGS=NO;PRODUCT_NAME=FocusStack;PRODUCT_BUNDLE_IDENTIFIER=com.longbo.focusstack.focusstack;SWIFT_OPTIMIZATION_LEVEL="-O";DEBUG_INFORMATION_FORMAT=dwarf;ENABLE_TESTABILITY=YES;INFOPLIST_KEY_NSPrincipalClass=NSApplication;INFOPLIST_KEY_LSApplicationCategoryType="public.app-category.photography";INFOPLIST_KEY_CFBundleDisplayName="FocusStack Native";ENABLE_APP_SANDBOX=NO;};name=Release;};
D903B17B3620E1CD905C6872={isa=XCConfigurationList;buildConfigurations=(B1008B1EBC6DA355E1AFFEBF,6C5ECA74809D708AFE4500F3,);defaultConfigurationIsVisible=0;defaultConfigurationName=Release;};
F9DBF7BEE58301082EE49D08={isa=PBXFileReference;explicitFileType=wrapper.application;path="FocusStack.app";sourceTree=BUILT_PRODUCTS_DIR;};
2292B4B1BFE9A3ABF6A48021={isa=PBXNativeTarget;buildConfigurationList=D903B17B3620E1CD905C6872;buildPhases=(A00F8252D8E12CC0AEB2F325,2063BB57CEA684887AC2BC7C,E96CA4066B74E4F153DCA012,);buildRules=();dependencies=();name=FocusStack;packageProductDependencies=(2658A03BA20A8B55083BD938,);productName=FocusStack;productReference=F9DBF7BEE58301082EE49D08;productType="com.apple.product-type.application";};
F04622E003B21C3ABBF4F4A4={isa=PBXBuildFile;fileRef=9127905024B927AB3F6E2AF6;};
948F23AF62F9EB52786BD763={isa=PBXSourcesBuildPhase;buildActionMask=2147483647;files=(AB1029384756ABCDE00112236,AB1029384756ABCDE00112234,F04622E003B21C3ABBF4F4A4,);runOnlyForDeploymentPostprocessing=0;};
248C6980E6E083EA39EA5EE2={isa=PBXBuildFile;fileRef=3BC15F61EE518F0ECBD7C04C;};
945DD94EB8A854FF3FC933AF={isa=PBXResourcesBuildPhase;buildActionMask=2147483647;files=(248C6980E6E083EA39EA5EE2,);runOnlyForDeploymentPostprocessing=0;};
179F8378F2946B3B226176F9={isa=XCSwiftPackageProductDependency;productName=FocusStackCore;};
5F1D8F0AB54B3991D81FCF47={isa=PBXBuildFile;productRef=179F8378F2946B3B226176F9;};
F2EA3234A3CB7DD7042A5E91={isa=PBXFrameworksBuildPhase;buildActionMask=2147483647;files=(5F1D8F0AB54B3991D81FCF47,);runOnlyForDeploymentPostprocessing=0;};
6C8461B0F499133B01D9A329={isa=XCBuildConfiguration;buildSettings={MACOSX_DEPLOYMENT_TARGET=14.0;SDKROOT=macosx;ARCHS=arm64;SWIFT_VERSION=6.0;SWIFT_STRICT_CONCURRENCY=complete;SWIFT_DEFAULT_ACTOR_ISOLATION=nonisolated;CLANG_ENABLE_MODULES=YES;CODE_SIGN_IDENTITY="-";CODE_SIGN_STYLE=Automatic;ENABLE_USER_SCRIPT_SANDBOXING=YES;GENERATE_INFOPLIST_FILE=YES;CURRENT_PROJECT_VERSION=3;MARKETING_VERSION=2.2.0;SWIFT_EMIT_LOC_STRINGS=NO;PRODUCT_NAME=FocusStackTests;PRODUCT_BUNDLE_IDENTIFIER=com.longbo.focusstack.focusstacktests;SWIFT_OPTIMIZATION_LEVEL="-Onone";DEBUG_INFORMATION_FORMAT=dwarf;ENABLE_TESTABILITY=YES;TEST_HOST="";BUNDLE_LOADER="";ENABLE_TESTING_SEARCH_PATHS=YES;};name=Debug;};
31C35BD7910709C2C26BA9C7={isa=XCBuildConfiguration;buildSettings={MACOSX_DEPLOYMENT_TARGET=14.0;SDKROOT=macosx;ARCHS=arm64;SWIFT_VERSION=6.0;SWIFT_STRICT_CONCURRENCY=complete;SWIFT_DEFAULT_ACTOR_ISOLATION=nonisolated;CLANG_ENABLE_MODULES=YES;CODE_SIGN_IDENTITY="-";CODE_SIGN_STYLE=Automatic;ENABLE_USER_SCRIPT_SANDBOXING=YES;GENERATE_INFOPLIST_FILE=YES;CURRENT_PROJECT_VERSION=3;MARKETING_VERSION=2.2.0;SWIFT_EMIT_LOC_STRINGS=NO;PRODUCT_NAME=FocusStackTests;PRODUCT_BUNDLE_IDENTIFIER=com.longbo.focusstack.focusstacktests;SWIFT_OPTIMIZATION_LEVEL="-O";DEBUG_INFORMATION_FORMAT=dwarf;ENABLE_TESTABILITY=YES;TEST_HOST="";BUNDLE_LOADER="";ENABLE_TESTING_SEARCH_PATHS=YES;};name=Release;};
5D41C8B5FBC852AD2AF8C687={isa=XCConfigurationList;buildConfigurations=(6C8461B0F499133B01D9A329,31C35BD7910709C2C26BA9C7,);defaultConfigurationIsVisible=0;defaultConfigurationName=Release;};
83FF9F00BDA0A5DC313355C5={isa=PBXFileReference;explicitFileType=wrapper.cfbundle;path="FocusStackTests.xctest";sourceTree=BUILT_PRODUCTS_DIR;};
9C60A81EBDAD8D9F00072A18={isa=PBXNativeTarget;buildConfigurationList=5D41C8B5FBC852AD2AF8C687;buildPhases=(948F23AF62F9EB52786BD763,F2EA3234A3CB7DD7042A5E91,945DD94EB8A854FF3FC933AF,);buildRules=();dependencies=();name=FocusStackTests;packageProductDependencies=(179F8378F2946B3B226176F9,);productName=FocusStackTests;productReference=83FF9F00BDA0A5DC313355C5;productType="com.apple.product-type.bundle.unit-test";};
42A2CF2A218B038C0AA701C8={isa=PBXBuildFile;fileRef=1EB2E6696247BD3631575B86;};
9DCDEB81F884B48786B41586={isa=PBXSourcesBuildPhase;buildActionMask=2147483647;files=(AC2200000000000000000002,42A2CF2A218B038C0AA701C8,);runOnlyForDeploymentPostprocessing=0;};
A709CF2F0F0F00BB9E338693={isa=PBXResourcesBuildPhase;buildActionMask=2147483647;files=();runOnlyForDeploymentPostprocessing=0;};
B1DFD18C7040E9A3C5E0051B={isa=XCSwiftPackageProductDependency;productName=FocusStackCore;};
79189F299341592F7EC204C1={isa=PBXBuildFile;productRef=B1DFD18C7040E9A3C5E0051B;};
BDAD6EEB87CA6C9C44DD0278={isa=PBXFrameworksBuildPhase;buildActionMask=2147483647;files=(79189F299341592F7EC204C1,);runOnlyForDeploymentPostprocessing=0;};
6B394ECD339B61D0F4C4F6E5={isa=XCBuildConfiguration;buildSettings={MACOSX_DEPLOYMENT_TARGET=14.0;SDKROOT=macosx;ARCHS=arm64;SWIFT_VERSION=6.0;SWIFT_STRICT_CONCURRENCY=complete;SWIFT_DEFAULT_ACTOR_ISOLATION=nonisolated;CLANG_ENABLE_MODULES=YES;CODE_SIGN_IDENTITY="-";CODE_SIGN_STYLE=Automatic;ENABLE_USER_SCRIPT_SANDBOXING=YES;GENERATE_INFOPLIST_FILE=YES;CURRENT_PROJECT_VERSION=3;MARKETING_VERSION=2.2.0;SWIFT_EMIT_LOC_STRINGS=NO;PRODUCT_NAME=FocusStackBenchmarks;PRODUCT_BUNDLE_IDENTIFIER=com.longbo.focusstack.focusstackbenchmarks;SWIFT_OPTIMIZATION_LEVEL="-Onone";DEBUG_INFORMATION_FORMAT=dwarf;ENABLE_TESTABILITY=YES;};name=Debug;};
3CFA1666110A0DC5169A1509={isa=XCBuildConfiguration;buildSettings={MACOSX_DEPLOYMENT_TARGET=14.0;SDKROOT=macosx;ARCHS=arm64;SWIFT_VERSION=6.0;SWIFT_STRICT_CONCURRENCY=complete;SWIFT_DEFAULT_ACTOR_ISOLATION=nonisolated;CLANG_ENABLE_MODULES=YES;CODE_SIGN_IDENTITY="-";CODE_SIGN_STYLE=Automatic;ENABLE_USER_SCRIPT_SANDBOXING=YES;GENERATE_INFOPLIST_FILE=YES;CURRENT_PROJECT_VERSION=3;MARKETING_VERSION=2.2.0;SWIFT_EMIT_LOC_STRINGS=NO;PRODUCT_NAME=FocusStackBenchmarks;PRODUCT_BUNDLE_IDENTIFIER=com.longbo.focusstack.focusstackbenchmarks;SWIFT_OPTIMIZATION_LEVEL="-O";DEBUG_INFORMATION_FORMAT=dwarf;ENABLE_TESTABILITY=YES;};name=Release;};
7C1BDF033B7344F15698B5EA={isa=XCConfigurationList;buildConfigurations=(6B394ECD339B61D0F4C4F6E5,3CFA1666110A0DC5169A1509,);defaultConfigurationIsVisible=0;defaultConfigurationName=Release;};
BB35CEE013A77F7325CEC28F={isa=PBXFileReference;explicitFileType=compiled.mach-o.executable;path="FocusStackBenchmarks";sourceTree=BUILT_PRODUCTS_DIR;};
0879AB09B42A540C71E9D556={isa=PBXNativeTarget;buildConfigurationList=7C1BDF033B7344F15698B5EA;buildPhases=(9DCDEB81F884B48786B41586,BDAD6EEB87CA6C9C44DD0278,A709CF2F0F0F00BB9E338693,);buildRules=();dependencies=();name=FocusStackBenchmarks;packageProductDependencies=(B1DFD18C7040E9A3C5E0051B,);productName=FocusStackBenchmarks;productReference=BB35CEE013A77F7325CEC28F;productType="com.apple.product-type.tool";};
FBDC4F23F93125BBEEAE800C={isa=PBXGroup;children=(F9DBF7BEE58301082EE49D08,83FF9F00BDA0A5DC313355C5,BB35CEE013A77F7325CEC28F,);name=Products;sourceTree="<group>";};
325F10A6957A34D66CB8C0E4={isa=PBXGroup;children=(AB1029384756ABCDE00112235,AB1029384756ABCDE00112233,7326B904FF0FE2BF2AD93C74,3BF47945D85784A7934CE585,6CFCACEFA39F561530526323,7A0D54299A502B867EB7C4D2,A3B9197CC1E61B6FAEDE9F85,9127905024B927AB3F6E2AF6,1EB2E6696247BD3631575B86,AC2200000000000000000001,3BC15F61EE518F0ECBD7C04C,FBDC4F23F93125BBEEAE800C,);sourceTree="<group>";};
89E1FD6268CC0F221A2BE178={isa=XCBuildConfiguration;buildSettings={};name=Debug;};
E6DE6C99132752C914FEF632={isa=XCBuildConfiguration;buildSettings={};name=Release;};
F8C70E4123C9AE82C42562CC={isa=XCConfigurationList;buildConfigurations=(89E1FD6268CC0F221A2BE178,E6DE6C99132752C914FEF632,);defaultConfigurationIsVisible=0;defaultConfigurationName=Release;};
98F54143AB4E86B28C3AFEE0={isa=PBXProject;attributes={LastUpgradeCheck=2700;};buildConfigurationList=F8C70E4123C9AE82C42562CC;compatibilityVersion="Xcode 14.0";developmentRegion=en;hasScannedForEncodings=0;knownRegions=(en,Base);mainGroup=325F10A6957A34D66CB8C0E4;productRefGroup=FBDC4F23F93125BBEEAE800C;packageReferences=(A01A5480379E97BD457D3185,);projectDirPath="";projectRoot="";targets=(2292B4B1BFE9A3ABF6A48021,9C60A81EBDAD8D9F00072A18,0879AB09B42A540C71E9D556,);};
};rootObject=98F54143AB4E86B28C3AFEE0;}
